
Microsoft Visual Studio Solution File, Format Version 12.00
Project("{9A19103F-16F7-4668-BE54-9A1E7A4F7556}") = "CRModel", "CRModel\CRModel.csproj", "{D319AEC1-5680-4FDE-9BA7-6E88AA1DADCC}"
EndProject
Project("{9A19103F-16F7-4668-BE54-9A1E7A4F7556}") = "CloudResume.FunctionApp", "CloudResume.FunctionApp\CloudResume.FunctionApp.csproj", "{FA5BE3F5-BDFD-4E52-A465-0D37210F32DF}"
EndProject
Project("{9A19103F-16F7-4668-BE54-9A1E7A4F7556}") = "CRRepository", "CRRepository\CRRepository.csproj", "{8C80050F-50A6-4DEE-8D62-20467F1C251E}"
EndProject
Project("{9A19103F-16F7-4668-BE54-9A1E7A4F7556}") = "CloudResume.Tests", "CloudResume.Tests\CloudResume.Tests.csproj", "{E1C10496-9F9F-480D-AB9D-C091371261EC}"
EndProject
Global
	GlobalSection(SolutionConfigurationPlatforms) = preSolution
		Debug|Any CPU = Debug|Any CPU
		Release|Any CPU = Release|Any CPU
	EndGlobalSection
	GlobalSection(ProjectConfigurationPlatforms) = postSolution
		{D319AEC1-5680-4FDE-9BA7-6E88AA1DADCC}.Debug|Any CPU.ActiveCfg = Debug|Any CPU
		{D319AEC1-5680-4FDE-9BA7-6E88AA1DADCC}.Debug|Any CPU.Build.0 = Debug|Any CPU
		{D319AEC1-5680-4FDE-9BA7-6E88AA1DADCC}.Release|Any CPU.ActiveCfg = Release|Any CPU
		{D319AEC1-5680-4FDE-9BA7-6E88AA1DADCC}.Release|Any CPU.Build.0 = Release|Any CPU
		{FA5BE3F5-BDFD-4E52-A465-0D37210F32DF}.Debug|Any CPU.ActiveCfg = Debug|Any CPU
		{FA5BE3F5-BDFD-4E52-A465-0D37210F32DF}.Debug|Any CPU.Build.0 = Debug|Any CPU
		{FA5BE3F5-BDFD-4E52-A465-0D37210F32DF}.Release|Any CPU.ActiveCfg = Release|Any CPU
		{FA5BE3F5-BDFD-4E52-A465-0D37210F32DF}.Release|Any CPU.Build.0 = Release|Any CPU
		{8C80050F-50A6-4DEE-8D62-20467F1C251E}.Debug|Any CPU.ActiveCfg = Debug|Any CPU
		{8C80050F-50A6-4DEE-8D62-20467F1C251E}.Debug|Any CPU.Build.0 = Debug|Any CPU
		{8C80050F-50A6-4DEE-8D62-20467F1C251E}.Release|Any CPU.ActiveCfg = Release|Any CPU
		{8C80050F-50A6-4DEE-8D62-20467F1C251E}.Release|Any CPU.Build.0 = Release|Any CPU
		{E1C10496-9F9F-480D-AB9D-C091371261EC}.Debug|Any CPU.ActiveCfg = Debug|Any CPU
		{E1C10496-9F9F-480D-AB9D-C091371261EC}.Debug|Any CPU.Build.0 = Debug|Any CPU
		{E1C10496-9F9F-480D-AB9D-C091371261EC}.Release|Any CPU.ActiveCfg = Release|Any CPU
		{E1C10496-9F9F-480D-AB9D-C091371261EC}.Release|Any CPU.Build.0 = Release|Any CPU
	EndGlobalSection
EndGlobal
