
Microsoft Visual Studio Solution File, Format Version 12.00
Project("{FAE04EC0-301F-11D3-BF4B-00C04F79EFBC}") = "CRModel", "CRModel\CRModel.csproj", "{D319AEC1-5680-4FDE-9BA7-6E88AA1DADCC}"
EndProject
Global
	GlobalSection(SolutionConfigurationPlatforms) = preSolution
		Debug|Any CPU = Debug|Any CPU
		Release|Any CPU = Release|Any CPU
	EndGlobalSection
	GlobalSection(ProjectConfigurationPlatforms) = postSolution
		{D319AEC1-5680-4FDE-9BA7-6E88AA1DADCC}.Debug|Any CPU.ActiveCfg = Debug|Any CPU
		{D319AEC1-5680-4FDE-9BA7-6E88AA1DADCC}.Debug|Any CPU.Build.0 = Debug|Any CPU
		{D319AEC1-5680-4FDE-9BA7-6E88AA1DADCC}.Release|Any CPU.ActiveCfg = Release|Any CPU
		{D319AEC1-5680-4FDE-9BA7-6E88AA1DADCC}.Release|Any CPU.Build.0 = Release|Any CPU
	EndGlobalSection
EndGlobal
